// !$*UTF8*$!
{
	archiveVersion = 1;
	classes = {
	};
	objectVersion = 56;
	objects = {

/* Begin PBXBuildFile section */
		960BEC1129AE76C100DB4180 /* AppDelegate.swift in Sources */ = {isa = PBXBuildFile; fileRef = 960BEC1029AE76C100DB4180 /* AppDelegate.swift */; };
		960BEC1529AE76C100DB4180 /* APODViewController.swift in Sources */ = {isa = PBXBuildFile; fileRef = 960BEC1429AE76C100DB4180 /* APODViewController.swift */; };
		960BEC1829AE76C100DB4180 /* Main.storyboard in Resources */ = {isa = PBXBuildFile; fileRef = 960BEC1629AE76C100DB4180 /* Main.storyboard */; };
		960BEC1B29AE76C100DB4180 /* WalEAssignment.xcdatamodeld in Sources */ = {isa = PBXBuildFile; fileRef = 960BEC1929AE76C100DB4180 /* WalEAssignment.xcdatamodeld */; };
		960BEC1D29AE76C200DB4180 /* Assets.xcassets in Resources */ = {isa = PBXBuildFile; fileRef = 960BEC1C29AE76C200DB4180 /* Assets.xcassets */; };
		960BEC2029AE76C200DB4180 /* LaunchScreen.storyboard in Resources */ = {isa = PBXBuildFile; fileRef = 960BEC1E29AE76C200DB4180 /* LaunchScreen.storyboard */; };
		960BEC2D29AE7F3F00DB4180 /* BaseViewController.swift in Sources */ = {isa = PBXBuildFile; fileRef = 960BEC2C29AE7F3F00DB4180 /* BaseViewController.swift */; };
		960BEC2F29AE7FA000DB4180 /* APODViewModel.swift in Sources */ = {isa = PBXBuildFile; fileRef = 960BEC2E29AE7FA000DB4180 /* APODViewModel.swift */; };
		960BEC3129AE7FDA00DB4180 /* HomeCoordinator.swift in Sources */ = {isa = PBXBuildFile; fileRef = 960BEC3029AE7FDA00DB4180 /* HomeCoordinator.swift */; };
		960BEC3329AE800B00DB4180 /* Storyboardable.swift in Sources */ = {isa = PBXBuildFile; fileRef = 960BEC3229AE800B00DB4180 /* Storyboardable.swift */; };
		960BEC3529AE83DB00DB4180 /* PlanetaryAPODManager.swift in Sources */ = {isa = PBXBuildFile; fileRef = 960BEC3429AE83DB00DB4180 /* PlanetaryAPODManager.swift */; };
		960BEC3729AE83EA00DB4180 /* APODItemModel.swift in Sources */ = {isa = PBXBuildFile; fileRef = 960BEC3629AE83EA00DB4180 /* APODItemModel.swift */; };
		960BEC3929AE840B00DB4180 /* APODResponseParser.swift in Sources */ = {isa = PBXBuildFile; fileRef = 960BEC3829AE840B00DB4180 /* APODResponseParser.swift */; };
		960BEC3B29AE85AD00DB4180 /* Constants.swift in Sources */ = {isa = PBXBuildFile; fileRef = 960BEC3A29AE85AD00DB4180 /* Constants.swift */; };
		960BEC4329AE930100DB4180 /* APODView.swift in Sources */ = {isa = PBXBuildFile; fileRef = 960BEC4229AE930100DB4180 /* APODView.swift */; };
		960BEC4529AE931600DB4180 /* APODView.xib in Resources */ = {isa = PBXBuildFile; fileRef = 960BEC4429AE931600DB4180 /* APODView.xib */; };
		960BEC4729AE964C00DB4180 /* APODItemViewModel.swift in Sources */ = {isa = PBXBuildFile; fileRef = 960BEC4629AE964C00DB4180 /* APODItemViewModel.swift */; };
		960BEC4B29AEA8D700DB4180 /* UIImage.swift in Sources */ = {isa = PBXBuildFile; fileRef = 960BEC4A29AEA8D700DB4180 /* UIImage.swift */; };
		960BEC4F29AEAF8800DB4180 /* FullScreenViewController.swift in Sources */ = {isa = PBXBuildFile; fileRef = 960BEC4E29AEAF8800DB4180 /* FullScreenViewController.swift */; };
		960BEC5129AEB0F200DB4180 /* FullScreenViewModel.swift in Sources */ = {isa = PBXBuildFile; fileRef = 960BEC5029AEB0F200DB4180 /* FullScreenViewModel.swift */; };
/* End PBXBuildFile section */

/* Begin PBXFileReference section */
		960BEC0D29AE76C100DB4180 /* WalEAssignment.app */ = {isa = PBXFileReference; explicitFileType = wrapper.application; includeInIndex = 0; path = WalEAssignment.app; sourceTree = BUILT_PRODUCTS_DIR; };
		960BEC1029AE76C100DB4180 /* AppDelegate.swift */ = {isa = PBXFileReference; lastKnownFileType = sourcecode.swift; path = AppDelegate.swift; sourceTree = "<group>"; };
		960BEC1429AE76C100DB4180 /* APODViewController.swift */ = {isa = PBXFileReference; lastKnownFileType = sourcecode.swift; path = APODViewController.swift; sourceTree = "<group>"; };
		960BEC1729AE76C100DB4180 /* Base */ = {isa = PBXFileReference; lastKnownFileType = file.storyboard; name = Base; path = Base.lproj/Main.storyboard; sourceTree = "<group>"; };
		960BEC1A29AE76C100DB4180 /* WalEAssignment.xcdatamodel */ = {isa = PBXFileReference; lastKnownFileType = wrapper.xcdatamodel; path = WalEAssignment.xcdatamodel; sourceTree = "<group>"; };
		960BEC1C29AE76C200DB4180 /* Assets.xcassets */ = {isa = PBXFileReference; lastKnownFileType = folder.assetcatalog; path = Assets.xcassets; sourceTree = "<group>"; };
		960BEC1F29AE76C200DB4180 /* Base */ = {isa = PBXFileReference; lastKnownFileType = file.storyboard; name = Base; path = Base.lproj/LaunchScreen.storyboard; sourceTree = "<group>"; };
		960BEC2129AE76C200DB4180 /* Info.plist */ = {isa = PBXFileReference; lastKnownFileType = text.plist.xml; path = Info.plist; sourceTree = "<group>"; };
		960BEC2C29AE7F3F00DB4180 /* BaseViewController.swift */ = {isa = PBXFileReference; lastKnownFileType = sourcecode.swift; path = BaseViewController.swift; sourceTree = "<group>"; };
		960BEC2E29AE7FA000DB4180 /* APODViewModel.swift */ = {isa = PBXFileReference; lastKnownFileType = sourcecode.swift; path = APODViewModel.swift; sourceTree = "<group>"; };
		960BEC3029AE7FDA00DB4180 /* HomeCoordinator.swift */ = {isa = PBXFileReference; lastKnownFileType = sourcecode.swift; path = HomeCoordinator.swift; sourceTree = "<group>"; };
		960BEC3229AE800B00DB4180 /* Storyboardable.swift */ = {isa = PBXFileReference; lastKnownFileType = sourcecode.swift; path = Storyboardable.swift; sourceTree = "<group>"; };
		960BEC3429AE83DB00DB4180 /* PlanetaryAPODManager.swift */ = {isa = PBXFileReference; lastKnownFileType = sourcecode.swift; path = PlanetaryAPODManager.swift; sourceTree = "<group>"; };
		960BEC3629AE83EA00DB4180 /* APODItemModel.swift */ = {isa = PBXFileReference; lastKnownFileType = sourcecode.swift; path = APODItemModel.swift; sourceTree = "<group>"; };
		960BEC3829AE840B00DB4180 /* APODResponseParser.swift */ = {isa = PBXFileReference; lastKnownFileType = sourcecode.swift; path = APODResponseParser.swift; sourceTree = "<group>"; };
		960BEC3A29AE85AD00DB4180 /* Constants.swift */ = {isa = PBXFileReference; lastKnownFileType = sourcecode.swift; path = Constants.swift; sourceTree = "<group>"; };
		960BEC4229AE930100DB4180 /* APODView.swift */ = {isa = PBXFileReference; lastKnownFileType = sourcecode.swift; path = APODView.swift; sourceTree = "<group>"; };
		960BEC4429AE931600DB4180 /* APODView.xib */ = {isa = PBXFileReference; lastKnownFileType = file.xib; path = APODView.xib; sourceTree = "<group>"; };
		960BEC4629AE964C00DB4180 /* APODItemViewModel.swift */ = {isa = PBXFileReference; lastKnownFileType = sourcecode.swift; path = APODItemViewModel.swift; sourceTree = "<group>"; };
		960BEC4A29AEA8D700DB4180 /* UIImage.swift */ = {isa = PBXFileReference; lastKnownFileType = sourcecode.swift; path = UIImage.swift; sourceTree = "<group>"; };
		960BEC4E29AEAF8800DB4180 /* FullScreenViewController.swift */ = {isa = PBXFileReference; lastKnownFileType = sourcecode.swift; path = FullScreenViewController.swift; sourceTree = "<group>"; };
		960BEC5029AEB0F200DB4180 /* FullScreenViewModel.swift */ = {isa = PBXFileReference; lastKnownFileType = sourcecode.swift; path = FullScreenViewModel.swift; sourceTree = "<group>"; };
/* End PBXFileReference section */

/* Begin PBXFrameworksBuildPhase section */
		960BEC0A29AE76C100DB4180 /* Frameworks */ = {
			isa = PBXFrameworksBuildPhase;
			buildActionMask = 2147483647;
			files = (
			);
			runOnlyForDeploymentPostprocessing = 0;
		};
/* End PBXFrameworksBuildPhase section */

/* Begin PBXGroup section */
		960BEC0429AE76C100DB4180 = {
			isa = PBXGroup;
			children = (
				960BEC0F29AE76C100DB4180 /* WalEAssignment */,
				960BEC0E29AE76C100DB4180 /* Products */,
			);
			sourceTree = "<group>";
		};
		960BEC0E29AE76C100DB4180 /* Products */ = {
			isa = PBXGroup;
			children = (
				960BEC0D29AE76C100DB4180 /* WalEAssignment.app */,
			);
			name = Products;
			sourceTree = "<group>";
		};
		960BEC0F29AE76C100DB4180 /* WalEAssignment */ = {
			isa = PBXGroup;
			children = (
				960BEC1029AE76C100DB4180 /* AppDelegate.swift */,
				960BEC2B29AE7F1900DB4180 /* Custom Views */,
				960BEC2A29AE7F0A00DB4180 /* Utils */,
				960BEC2929AE7F0100DB4180 /* Coordinators */,
				960BEC2829AE7EE800DB4180 /* UI Modules */,
				960BEC2729AE7EB400DB4180 /* Network */,
				960BEC1629AE76C100DB4180 /* Main.storyboard */,
				960BEC1C29AE76C200DB4180 /* Assets.xcassets */,
				960BEC1E29AE76C200DB4180 /* LaunchScreen.storyboard */,
				960BEC2129AE76C200DB4180 /* Info.plist */,
				960BEC1929AE76C100DB4180 /* WalEAssignment.xcdatamodeld */,
			);
			path = WalEAssignment;
			sourceTree = "<group>";
		};
		960BEC2729AE7EB400DB4180 /* Network */ = {
			isa = PBXGroup;
			children = (
				960BEC3429AE83DB00DB4180 /* PlanetaryAPODManager.swift */,
				960BEC3629AE83EA00DB4180 /* APODItemModel.swift */,
				960BEC3829AE840B00DB4180 /* APODResponseParser.swift */,
			);
			path = Network;
			sourceTree = "<group>";
		};
		960BEC2829AE7EE800DB4180 /* UI Modules */ = {
			isa = PBXGroup;
			children = (
				960BEC4D29AEAF4800DB4180 /* FullScreen */,
				960BEC4C29AEAF3700DB4180 /* APOD */,
			);
			path = "UI Modules";
			sourceTree = "<group>";
		};
		960BEC2929AE7F0100DB4180 /* Coordinators */ = {
			isa = PBXGroup;
			children = (
				960BEC3029AE7FDA00DB4180 /* HomeCoordinator.swift */,
			);
			path = Coordinators;
			sourceTree = "<group>";
		};
		960BEC2A29AE7F0A00DB4180 /* Utils */ = {
			isa = PBXGroup;
			children = (
				960BEC3229AE800B00DB4180 /* Storyboardable.swift */,
				960BEC3A29AE85AD00DB4180 /* Constants.swift */,
				960BEC4A29AEA8D700DB4180 /* UIImage.swift */,
			);
			path = Utils;
			sourceTree = "<group>";
		};
		960BEC2B29AE7F1900DB4180 /* Custom Views */ = {
			isa = PBXGroup;
			children = (
				960BEC2C29AE7F3F00DB4180 /* BaseViewController.swift */,
			);
			path = "Custom Views";
			sourceTree = "<group>";
		};
		960BEC4C29AEAF3700DB4180 /* APOD */ = {
			isa = PBXGroup;
			children = (
				960BEC1429AE76C100DB4180 /* APODViewController.swift */,
				960BEC4229AE930100DB4180 /* APODView.swift */,
				960BEC4429AE931600DB4180 /* APODView.xib */,
				960BEC2E29AE7FA000DB4180 /* APODViewModel.swift */,
				960BEC4629AE964C00DB4180 /* APODItemViewModel.swift */,
			);
			path = APOD;
			sourceTree = "<group>";
		};
		960BEC4D29AEAF4800DB4180 /* FullScreen */ = {
			isa = PBXGroup;
			children = (
				960BEC4E29AEAF8800DB4180 /* FullScreenViewController.swift */,
				960BEC5029AEB0F200DB4180 /* FullScreenViewModel.swift */,
			);
			path = FullScreen;
			sourceTree = "<group>";
		};
/* End PBXGroup section */

/* Begin PBXNativeTarget section */
		960BEC0C29AE76C100DB4180 /* WalEAssignment */ = {
			isa = PBXNativeTarget;
			buildConfigurationList = 960BEC2429AE76C200DB4180 /* Build configuration list for PBXNativeTarget "WalEAssignment" */;
			buildPhases = (
				960BEC0929AE76C100DB4180 /* Sources */,
				960BEC0A29AE76C100DB4180 /* Frameworks */,
				960BEC0B29AE76C100DB4180 /* Resources */,
			);
			buildRules = (
			);
			dependencies = (
			);
			name = WalEAssignment;
			productName = WalEAssignment;
			productReference = 960BEC0D29AE76C100DB4180 /* WalEAssignment.app */;
			productType = "com.apple.product-type.application";
		};
/* End PBXNativeTarget section */

/* Begin PBXProject section */
		960BEC0529AE76C100DB4180 /* Project object */ = {
			isa = PBXProject;
			attributes = {
				BuildIndependentTargetsInParallel = 1;
				LastSwiftUpdateCheck = 1420;
				LastUpgradeCheck = 1420;
				TargetAttributes = {
					960BEC0C29AE76C100DB4180 = {
						CreatedOnToolsVersion = 14.2;
					};
				};
			};
			buildConfigurationList = 960BEC0829AE76C100DB4180 /* Build configuration list for PBXProject "WalEAssignment" */;
			compatibilityVersion = "Xcode 14.0";
			developmentRegion = en;
			hasScannedForEncodings = 0;
			knownRegions = (
				en,
				Base,
			);
			mainGroup = 960BEC0429AE76C100DB4180;
			productRefGroup = 960BEC0E29AE76C100DB4180 /* Products */;
			projectDirPath = "";
			projectRoot = "";
			targets = (
				960BEC0C29AE76C100DB4180 /* WalEAssignment */,
			);
		};
/* End PBXProject section */

/* Begin PBXResourcesBuildPhase section */
		960BEC0B29AE76C100DB4180 /* Resources */ = {
			isa = PBXResourcesBuildPhase;
			buildActionMask = 2147483647;
			files = (
				960BEC4529AE931600DB4180 /* APODView.xib in Resources */,
				960BEC2029AE76C200DB4180 /* LaunchScreen.storyboard in Resources */,
				960BEC1D29AE76C200DB4180 /* Assets.xcassets in Resources */,
				960BEC1829AE76C100DB4180 /* Main.storyboard in Resources */,
			);
			runOnlyForDeploymentPostprocessing = 0;
		};
/* End PBXResourcesBuildPhase section */

/* Begin PBXSourcesBuildPhase section */
		960BEC0929AE76C100DB4180 /* Sources */ = {
			isa = PBXSourcesBuildPhase;
			buildActionMask = 2147483647;
			files = (
				960BEC2F29AE7FA000DB4180 /* APODViewModel.swift in Sources */,
				960BEC3B29AE85AD00DB4180 /* Constants.swift in Sources */,
				960BEC3929AE840B00DB4180 /* APODResponseParser.swift in Sources */,
				960BEC5129AEB0F200DB4180 /* FullScreenViewModel.swift in Sources */,
				960BEC1529AE76C100DB4180 /* APODViewController.swift in Sources */,
				960BEC4729AE964C00DB4180 /* APODItemViewModel.swift in Sources */,
				960BEC4F29AEAF8800DB4180 /* FullScreenViewController.swift in Sources */,
				960BEC4329AE930100DB4180 /* APODView.swift in Sources */,
				960BEC3329AE800B00DB4180 /* Storyboardable.swift in Sources */,
				960BEC2D29AE7F3F00DB4180 /* BaseViewController.swift in Sources */,
				960BEC3729AE83EA00DB4180 /* APODItemModel.swift in Sources */,
				960BEC3529AE83DB00DB4180 /* PlanetaryAPODManager.swift in Sources */,
				960BEC1B29AE76C100DB4180 /* WalEAssignment.xcdatamodeld in Sources */,
				960BEC1129AE76C100DB4180 /* AppDelegate.swift in Sources */,
				960BEC3129AE7FDA00DB4180 /* HomeCoordinator.swift in Sources */,
				960BEC4B29AEA8D700DB4180 /* UIImage.swift in Sources */,
			);
			runOnlyForDeploymentPostprocessing = 0;
		};
/* End PBXSourcesBuildPhase section */

/* Begin PBXVariantGroup section */
		960BEC1629AE76C100DB4180 /* Main.storyboard */ = {
			isa = PBXVariantGroup;
			children = (
				960BEC1729AE76C100DB4180 /* Base */,
			);
			name = Main.storyboard;
			sourceTree = "<group>";
		};
		960BEC1E29AE76C200DB4180 /* LaunchScreen.storyboard */ = {
			isa = PBXVariantGroup;
			children = (
				960BEC1F29AE76C200DB4180 /* Base */,
			);
			name = LaunchScreen.storyboard;
			sourceTree = "<group>";
		};
/* End PBXVariantGroup section */

/* Begin XCBuildConfiguration section */
		960BEC2229AE76C200DB4180 /* Debug */ = {
			isa = XCBuildConfiguration;
			buildSettings = {
				ALWAYS_SEARCH_USER_PATHS = NO;
				CLANG_ANALYZER_NONNULL = YES;
				CLANG_ANALYZER_NUMBER_OBJECT_CONVERSION = YES_AGGRESSIVE;
				CLANG_CXX_LANGUAGE_STANDARD = "gnu++20";
				CLANG_ENABLE_MODULES = YES;
				CLANG_ENABLE_OBJC_ARC = YES;
				CLANG_ENABLE_OBJC_WEAK = YES;
				CLANG_WARN_BLOCK_CAPTURE_AUTORELEASING = YES;
				CLANG_WARN_BOOL_CONVERSION = YES;
				CLANG_WARN_COMMA = YES;
				CLANG_WARN_CONSTANT_CONVERSION = YES;
				CLANG_WARN_DEPRECATED_OBJC_IMPLEMENTATIONS = YES;
				CLANG_WARN_DIRECT_OBJC_ISA_USAGE = YES_ERROR;
				CLANG_WARN_DOCUMENTATION_COMMENTS = YES;
				CLANG_WARN_EMPTY_BODY = YES;
				CLANG_WARN_ENUM_CONVERSION = YES;
				CLANG_WARN_INFINITE_RECURSION = YES;
				CLANG_WARN_INT_CONVERSION = YES;
				CLANG_WARN_NON_LITERAL_NULL_CONVERSION = YES;
				CLANG_WARN_OBJC_IMPLICIT_RETAIN_SELF = YES;
				CLANG_WARN_OBJC_LITERAL_CONVERSION = YES;
				CLANG_WARN_OBJC_ROOT_CLASS = YES_ERROR;
				CLANG_WARN_QUOTED_INCLUDE_IN_FRAMEWORK_HEADER = YES;
				CLANG_WARN_RANGE_LOOP_ANALYSIS = YES;
				CLANG_WARN_STRICT_PROTOTYPES = YES;
				CLANG_WARN_SUSPICIOUS_MOVE = YES;
				CLANG_WARN_UNGUARDED_AVAILABILITY = YES_AGGRESSIVE;
				CLANG_WARN_UNREACHABLE_CODE = YES;
				CLANG_WARN__DUPLICATE_METHOD_MATCH = YES;
				COPY_PHASE_STRIP = NO;
				DEBUG_INFORMATION_FORMAT = dwarf;
				ENABLE_STRICT_OBJC_MSGSEND = YES;
				ENABLE_TESTABILITY = YES;
				GCC_C_LANGUAGE_STANDARD = gnu11;
				GCC_DYNAMIC_NO_PIC = NO;
				GCC_NO_COMMON_BLOCKS = YES;
				GCC_OPTIMIZATION_LEVEL = 0;
				GCC_PREPROCESSOR_DEFINITIONS = (
					"DEBUG=1",
					"$(inherited)",
				);
				GCC_WARN_64_TO_32_BIT_CONVERSION = YES;
				GCC_WARN_ABOUT_RETURN_TYPE = YES_ERROR;
				GCC_WARN_UNDECLARED_SELECTOR = YES;
				GCC_WARN_UNINITIALIZED_AUTOS = YES_AGGRESSIVE;
				GCC_WARN_UNUSED_FUNCTION = YES;
				GCC_WARN_UNUSED_VARIABLE = YES;
				IPHONEOS_DEPLOYMENT_TARGET = 16.2;
				MTL_ENABLE_DEBUG_INFO = INCLUDE_SOURCE;
				MTL_FAST_MATH = YES;
				ONLY_ACTIVE_ARCH = YES;
				SDKROOT = iphoneos;
				SWIFT_ACTIVE_COMPILATION_CONDITIONS = DEBUG;
				SWIFT_OPTIMIZATION_LEVEL = "-Onone";
			};
			name = Debug;
		};
		960BEC2329AE76C200DB4180 /* Release */ = {
			isa = XCBuildConfiguration;
			buildSettings = {
				ALWAYS_SEARCH_USER_PATHS = NO;
				CLANG_ANALYZER_NONNULL = YES;
				CLANG_ANALYZER_NUMBER_OBJECT_CONVERSION = YES_AGGRESSIVE;
				CLANG_CXX_LANGUAGE_STANDARD = "gnu++20";
				CLANG_ENABLE_MODULES = YES;
				CLANG_ENABLE_OBJC_ARC = YES;
				CLANG_ENABLE_OBJC_WEAK = YES;
				CLANG_WARN_BLOCK_CAPTURE_AUTORELEASING = YES;
				CLANG_WARN_BOOL_CONVERSION = YES;
				CLANG_WARN_COMMA = YES;
				CLANG_WARN_CONSTANT_CONVERSION = YES;
				CLANG_WARN_DEPRECATED_OBJC_IMPLEMENTATIONS = YES;
				CLANG_WARN_DIRECT_OBJC_ISA_USAGE = YES_ERROR;
				CLANG_WARN_DOCUMENTATION_COMMENTS = YES;
				CLANG_WARN_EMPTY_BODY = YES;
				CLANG_WARN_ENUM_CONVERSION = YES;
				CLANG_WARN_INFINITE_RECURSION = YES;
				CLANG_WARN_INT_CONVERSION = YES;
				CLANG_WARN_NON_LITERAL_NULL_CONVERSION = YES;
				CLANG_WARN_OBJC_IMPLICIT_RETAIN_SELF = YES;
				CLANG_WARN_OBJC_LITERAL_CONVERSION = YES;
				CLANG_WARN_OBJC_ROOT_CLASS = YES_ERROR;
				CLANG_WARN_QUOTED_INCLUDE_IN_FRAMEWORK_HEADER = YES;
				CLANG_WARN_RANGE_LOOP_ANALYSIS = YES;
				CLANG_WARN_STRICT_PROTOTYPES = YES;
				CLANG_WARN_SUSPICIOUS_MOVE = YES;
				CLANG_WARN_UNGUARDED_AVAILABILITY = YES_AGGRESSIVE;
				CLANG_WARN_UNREACHABLE_CODE = YES;
				CLANG_WARN__DUPLICATE_METHOD_MATCH = YES;
				COPY_PHASE_STRIP = NO;
				DEBUG_INFORMATION_FORMAT = "dwarf-with-dsym";
				ENABLE_NS_ASSERTIONS = NO;
				ENABLE_STRICT_OBJC_MSGSEND = YES;
				GCC_C_LANGUAGE_STANDARD = gnu11;
				GCC_NO_COMMON_BLOCKS = YES;
				GCC_WARN_64_TO_32_BIT_CONVERSION = YES;
				GCC_WARN_ABOUT_RETURN_TYPE = YES_ERROR;
				GCC_WARN_UNDECLARED_SELECTOR = YES;
				GCC_WARN_UNINITIALIZED_AUTOS = YES_AGGRESSIVE;
				GCC_WARN_UNUSED_FUNCTION = YES;
				GCC_WARN_UNUSED_VARIABLE = YES;
				IPHONEOS_DEPLOYMENT_TARGET = 16.2;
				MTL_ENABLE_DEBUG_INFO = NO;
				MTL_FAST_MATH = YES;
				SDKROOT = iphoneos;
				SWIFT_COMPILATION_MODE = wholemodule;
				SWIFT_OPTIMIZATION_LEVEL = "-O";
				VALIDATE_PRODUCT = YES;
			};
			name = Release;
		};
		960BEC2529AE76C200DB4180 /* Debug */ = {
			isa = XCBuildConfiguration;
			buildSettings = {
				ASSETCATALOG_COMPILER_APPICON_NAME = AppIcon;
				ASSETCATALOG_COMPILER_GLOBAL_ACCENT_COLOR_NAME = AccentColor;
				CODE_SIGN_STYLE = Automatic;
				CURRENT_PROJECT_VERSION = 1;
				DEVELOPMENT_TEAM = M58LB4B5U6;
				GENERATE_INFOPLIST_FILE = YES;
				INFOPLIST_FILE = WalEAssignment/Info.plist;
				INFOPLIST_KEY_UIApplicationSupportsIndirectInputEvents = YES;
				INFOPLIST_KEY_UILaunchStoryboardName = LaunchScreen;
				INFOPLIST_KEY_UIMainStoryboardFile = Main;
				INFOPLIST_KEY_UISupportedInterfaceOrientations_iPad = "UIInterfaceOrientationPortrait UIInterfaceOrientationPortraitUpsideDown UIInterfaceOrientationLandscapeLeft UIInterfaceOrientationLandscapeRight";
				INFOPLIST_KEY_UISupportedInterfaceOrientations_iPhone = "UIInterfaceOrientationPortrait UIInterfaceOrientationLandscapeLeft UIInterfaceOrientationLandscapeRight";
				LD_RUNPATH_SEARCH_PATHS = (
					"$(inherited)",
					"@executable_path/Frameworks",
				);
				MARKETING_VERSION = 1.0;
				PRODUCT_BUNDLE_IDENTIFIER = com.testing.WalEAssignment;
				PRODUCT_NAME = "$(TARGET_NAME)";
				SWIFT_EMIT_LOC_STRINGS = YES;
				SWIFT_VERSION = 5.0;
				TARGETED_DEVICE_FAMILY = "1,2";
			};
			name = Debug;
		};
		960BEC2629AE76C200DB4180 /* Release */ = {
			isa = XCBuildConfiguration;
			buildSettings = {
				ASSETCATALOG_COMPILER_APPICON_NAME = AppIcon;
				ASSETCATALOG_COMPILER_GLOBAL_ACCENT_COLOR_NAME = AccentColor;
				CODE_SIGN_STYLE = Automatic;
				CURRENT_PROJECT_VERSION = 1;
				DEVELOPMENT_TEAM = M58LB4B5U6;
				GENERATE_INFOPLIST_FILE = YES;
				INFOPLIST_FILE = WalEAssignment/Info.plist;
				INFOPLIST_KEY_UIApplicationSupportsIndirectInputEvents = YES;
				INFOPLIST_KEY_UILaunchStoryboardName = LaunchScreen;
				INFOPLIST_KEY_UIMainStoryboardFile = Main;
				INFOPLIST_KEY_UISupportedInterfaceOrientations_iPad = "UIInterfaceOrientationPortrait UIInterfaceOrientationPortraitUpsideDown UIInterfaceOrientationLandscapeLeft UIInterfaceOrientationLandscapeRight";
				INFOPLIST_KEY_UISupportedInterfaceOrientations_iPhone = "UIInterfaceOrientationPortrait UIInterfaceOrientationLandscapeLeft UIInterfaceOrientationLandscapeRight";
				LD_RUNPATH_SEARCH_PATHS = (
					"$(inherited)",
					"@executable_path/Frameworks",
				);
				MARKETING_VERSION = 1.0;
				PRODUCT_BUNDLE_IDENTIFIER = com.testing.WalEAssignment;
				PRODUCT_NAME = "$(TARGET_NAME)";
				SWIFT_EMIT_LOC_STRINGS = YES;
				SWIFT_VERSION = 5.0;
				TARGETED_DEVICE_FAMILY = "1,2";
			};
			name = Release;
		};
/* End XCBuildConfiguration section */

/* Begin XCConfigurationList section */
		960BEC0829AE76C100DB4180 /* Build configuration list for PBXProject "WalEAssignment" */ = {
			isa = XCConfigurationList;
			buildConfigurations = (
				960BEC2229AE76C200DB4180 /* Debug */,
				960BEC2329AE76C200DB4180 /* Release */,
			);
			defaultConfigurationIsVisible = 0;
			defaultConfigurationName = Release;
		};
		960BEC2429AE76C200DB4180 /* Build configuration list for PBXNativeTarget "WalEAssignment" */ = {
			isa = XCConfigurationList;
			buildConfigurations = (
				960BEC2529AE76C200DB4180 /* Debug */,
				960BEC2629AE76C200DB4180 /* Release */,
			);
			defaultConfigurationIsVisible = 0;
			defaultConfigurationName = Release;
		};
/* End XCConfigurationList section */

/* Begin XCVersionGroup section */
		960BEC1929AE76C100DB4180 /* WalEAssignment.xcdatamodeld */ = {
			isa = XCVersionGroup;
			children = (
				960BEC1A29AE76C100DB4180 /* WalEAssignment.xcdatamodel */,
			);
			currentVersion = 960BEC1A29AE76C100DB4180 /* WalEAssignment.xcdatamodel */;
			path = WalEAssignment.xcdatamodeld;
			sourceTree = "<group>";
			versionGroupType = wrapper.xcdatamodel;
		};
/* End XCVersionGroup section */
	};
	rootObject = 960BEC0529AE76C100DB4180 /* Project object */;
}
